
Microsoft Visual Studio Solution File, Format Version 12.00
# Visual Studio Version 16
VisualStudioVersion = 16.0.30523.141
MinimumVisualStudioVersion = 10.0.40219.1
Project("{D954291E-2A0B-460D-934E-DC6B0785DB48}") = "NEXO_SHARED", "NEXO_SHARED\NEXO_SHARED.shproj", "{6897A747-BFBD-46BE-A4D5-B4A8BCEA0E2C}"
EndProject
Project("{D954291E-2A0B-460D-934E-DC6B0785DB48}") = "NEXO_CLIENT_SHARED", "NEXO_CLIENT_SHARED\NEXO_CLIENT_SHARED.shproj", "{C9FECD53-579E-4EFD-B628-417B453551AA}"
EndProject
Project("{D954291E-2A0B-460D-934E-DC6B0785DB48}") = "NEXO_SERVER_SHARED", "NEXO_SERVER_SHARED\NEXO_SERVER_SHARED.shproj", "{779A6456-1E80-4818-B67A-C8CEF1B0B454}"
EndProject
Project("{FAE04EC0-301F-11D3-BF4B-00C04F79EFBC}") = "NexoResources", "NexoResources\NexoResources.csproj", "{92DC0A6E-F014-4364-8AB1-2481CD1C9CA8}"
EndProject
Project("{F184B08F-C81C-45F6-A57F-5ABD9991F28F}") = "NexoSimulator30", "NexoSimulator\NexoSimulator30.vbproj", "{C639BA7F-272B-454E-8783-D95F1930358B}"
EndProject
Project("{FAE04EC0-301F-11D3-BF4B-00C04F79EFBC}") = "NEXO_30", "NEXO\NEXO_30.csproj", "{BA4AE91F-C039-44CB-AB66-CE57ECA46EB6}"
EndProject
Project("{FAE04EC0-301F-11D3-BF4B-00C04F79EFBC}") = "NEXO35", "NEXO35\NEXO35.csproj", "{DBE66D0F-527D-44E8-8B8D-EA8DA6228F63}"
EndProject
Project("{2150E333-8FDC-42A3-9474-1A3956D46DE8}") = "XSD", "XSD", "{21D60A9E-5431-4D90-A53C-0AEAA1F00B8C}"
EndProject
Project("{FAE04EC0-301F-11D3-BF4B-00C04F79EFBC}") = "XSDEx", "XSD\XSDEx\XSDEx.csproj", "{27D1095D-9F93-4692-BCE8-BEC2B2AE2CD8}"
EndProject
Project("{F184B08F-C81C-45F6-A57F-5ABD9991F28F}") = "myXSD", "XSD\myXSD\myXSD.vbproj", "{40951913-02F5-47F3-9127-604D5B54C5EC}"
EndProject
Project("{2150E333-8FDC-42A3-9474-1A3956D46DE8}") = "Solution Items", "Solution Items", "{63391E4A-BFB7-4544-B808-2DD9BF632A40}"
	ProjectSection(SolutionItems) = preProject
		NUGET.nuspec = NUGET.nuspec
		README.md = README.md
	EndProjectSection
EndProject
Project("{F184B08F-C81C-45F6-A57F-5ABD9991F28F}") = "NexoBuilder30", "Builder\NexoBuilder30.vbproj", "{9937CEEC-C795-4F00-9C2E-179A41A7CFFD}"
EndProject
Project("{FAE04EC0-301F-11D3-BF4B-00C04F79EFBC}") = "NEXO_31", "NEXO31\NEXO_31.csproj", "{FA6F6FBC-9192-425B-808B-66624AD96D58}"
EndProject
Project("{F184B08F-C81C-45F6-A57F-5ABD9991F28F}") = "NexoSimulator31", "NexoSimulator31\NexoSimulator31.vbproj", "{43829C4D-F366-4890-AF4B-A40F583A8265}"
EndProject
Project("{FAE04EC0-301F-11D3-BF4B-00C04F79EFBC}") = "NEXO_40", "NEXO_40\NEXO_40.csproj", "{106FB3D1-63A0-404D-9529-F68048D69B70}"
EndProject
Project("{F184B08F-C81C-45F6-A57F-5ABD9991F28F}") = "NexoBuilder31", "Builder31\NexoBuilder31.vbproj", "{362CB463-04FA-4DE8-B3C0-C3780FF70EA3}"
EndProject
Global
	GlobalSection(SharedMSBuildProjectFiles) = preSolution
		NEXO_CLIENT_SHARED\NEXO_CLIENT_SHARED.projitems*{106fb3d1-63a0-404d-9529-f68048d69b70}*SharedItemsImports = 4
		NEXO_SERVER_SHARED\NEXO_SERVER_SHARED.projitems*{106fb3d1-63a0-404d-9529-f68048d69b70}*SharedItemsImports = 4
		NEXO_SHARED\NEXO_SHARED.projitems*{106fb3d1-63a0-404d-9529-f68048d69b70}*SharedItemsImports = 4
		NEXO_SHARED\NEXO_SHARED.projitems*{6897a747-bfbd-46be-a4d5-b4a8bcea0e2c}*SharedItemsImports = 13
		NEXO_SERVER_SHARED\NEXO_SERVER_SHARED.projitems*{779a6456-1e80-4818-b67a-c8cef1b0b454}*SharedItemsImports = 13
		NEXO_CLIENT_SHARED\NEXO_CLIENT_SHARED.projitems*{ba4ae91f-c039-44cb-ab66-ce57eca46eb6}*SharedItemsImports = 4
		NEXO_SERVER_SHARED\NEXO_SERVER_SHARED.projitems*{ba4ae91f-c039-44cb-ab66-ce57eca46eb6}*SharedItemsImports = 4
		NEXO_SHARED\NEXO_SHARED.projitems*{ba4ae91f-c039-44cb-ab66-ce57eca46eb6}*SharedItemsImports = 4
		NEXO_CLIENT_SHARED\NEXO_CLIENT_SHARED.projitems*{c9fecd53-579e-4efd-b628-417b453551aa}*SharedItemsImports = 13
		NEXO_CLIENT_SHARED\NEXO_CLIENT_SHARED.projitems*{dbe66d0f-527d-44e8-8b8d-ea8da6228f63}*SharedItemsImports = 4
		NEXO_SERVER_SHARED\NEXO_SERVER_SHARED.projitems*{dbe66d0f-527d-44e8-8b8d-ea8da6228f63}*SharedItemsImports = 4
		NEXO_SHARED\NEXO_SHARED.projitems*{dbe66d0f-527d-44e8-8b8d-ea8da6228f63}*SharedItemsImports = 4
		NEXO_CLIENT_SHARED\NEXO_CLIENT_SHARED.projitems*{fa6f6fbc-9192-425b-808b-66624ad96d58}*SharedItemsImports = 4
		NEXO_SERVER_SHARED\NEXO_SERVER_SHARED.projitems*{fa6f6fbc-9192-425b-808b-66624ad96d58}*SharedItemsImports = 4
		NEXO_SHARED\NEXO_SHARED.projitems*{fa6f6fbc-9192-425b-808b-66624ad96d58}*SharedItemsImports = 4
	EndGlobalSection
	GlobalSection(SolutionConfigurationPlatforms) = preSolution
		Debug|Any CPU = Debug|Any CPU
		Release|Any CPU = Release|Any CPU
	EndGlobalSection
	GlobalSection(ProjectConfigurationPlatforms) = postSolution
		{92DC0A6E-F014-4364-8AB1-2481CD1C9CA8}.Debug|Any CPU.ActiveCfg = Debug|Any CPU
		{92DC0A6E-F014-4364-8AB1-2481CD1C9CA8}.Debug|Any CPU.Build.0 = Debug|Any CPU
		{92DC0A6E-F014-4364-8AB1-2481CD1C9CA8}.Release|Any CPU.ActiveCfg = Release|Any CPU
		{92DC0A6E-F014-4364-8AB1-2481CD1C9CA8}.Release|Any CPU.Build.0 = Release|Any CPU
		{C639BA7F-272B-454E-8783-D95F1930358B}.Debug|Any CPU.ActiveCfg = Debug|Any CPU
		{C639BA7F-272B-454E-8783-D95F1930358B}.Debug|Any CPU.Build.0 = Debug|Any CPU
		{C639BA7F-272B-454E-8783-D95F1930358B}.Release|Any CPU.ActiveCfg = Release|Any CPU
		{C639BA7F-272B-454E-8783-D95F1930358B}.Release|Any CPU.Build.0 = Release|Any CPU
		{BA4AE91F-C039-44CB-AB66-CE57ECA46EB6}.Debug|Any CPU.ActiveCfg = Debug|Any CPU
		{BA4AE91F-C039-44CB-AB66-CE57ECA46EB6}.Debug|Any CPU.Build.0 = Debug|Any CPU
		{BA4AE91F-C039-44CB-AB66-CE57ECA46EB6}.Release|Any CPU.ActiveCfg = Release|Any CPU
		{BA4AE91F-C039-44CB-AB66-CE57ECA46EB6}.Release|Any CPU.Build.0 = Release|Any CPU
		{DBE66D0F-527D-44E8-8B8D-EA8DA6228F63}.Debug|Any CPU.ActiveCfg = Debug|Any CPU
		{DBE66D0F-527D-44E8-8B8D-EA8DA6228F63}.Debug|Any CPU.Build.0 = Debug|Any CPU
		{DBE66D0F-527D-44E8-8B8D-EA8DA6228F63}.Release|Any CPU.ActiveCfg = Release|Any CPU
		{DBE66D0F-527D-44E8-8B8D-EA8DA6228F63}.Release|Any CPU.Build.0 = Release|Any CPU
		{27D1095D-9F93-4692-BCE8-BEC2B2AE2CD8}.Debug|Any CPU.ActiveCfg = Debug|Any CPU
		{27D1095D-9F93-4692-BCE8-BEC2B2AE2CD8}.Debug|Any CPU.Build.0 = Debug|Any CPU
		{27D1095D-9F93-4692-BCE8-BEC2B2AE2CD8}.Release|Any CPU.ActiveCfg = Release|Any CPU
		{27D1095D-9F93-4692-BCE8-BEC2B2AE2CD8}.Release|Any CPU.Build.0 = Release|Any CPU
		{40951913-02F5-47F3-9127-604D5B54C5EC}.Debug|Any CPU.ActiveCfg = Debug|Any CPU
		{40951913-02F5-47F3-9127-604D5B54C5EC}.Debug|Any CPU.Build.0 = Debug|Any CPU
		{40951913-02F5-47F3-9127-604D5B54C5EC}.Release|Any CPU.ActiveCfg = Release|Any CPU
		{40951913-02F5-47F3-9127-604D5B54C5EC}.Release|Any CPU.Build.0 = Release|Any CPU
		{9937CEEC-C795-4F00-9C2E-179A41A7CFFD}.Debug|Any CPU.ActiveCfg = Debug|Any CPU
		{9937CEEC-C795-4F00-9C2E-179A41A7CFFD}.Debug|Any CPU.Build.0 = Debug|Any CPU
		{9937CEEC-C795-4F00-9C2E-179A41A7CFFD}.Release|Any CPU.ActiveCfg = Release|Any CPU
		{9937CEEC-C795-4F00-9C2E-179A41A7CFFD}.Release|Any CPU.Build.0 = Release|Any CPU
		{FA6F6FBC-9192-425B-808B-66624AD96D58}.Debug|Any CPU.ActiveCfg = Debug|Any CPU
		{FA6F6FBC-9192-425B-808B-66624AD96D58}.Debug|Any CPU.Build.0 = Debug|Any CPU
		{FA6F6FBC-9192-425B-808B-66624AD96D58}.Release|Any CPU.ActiveCfg = Release|Any CPU
		{FA6F6FBC-9192-425B-808B-66624AD96D58}.Release|Any CPU.Build.0 = Release|Any CPU
		{43829C4D-F366-4890-AF4B-A40F583A8265}.Debug|Any CPU.ActiveCfg = Debug|Any CPU
		{43829C4D-F366-4890-AF4B-A40F583A8265}.Debug|Any CPU.Build.0 = Debug|Any CPU
		{43829C4D-F366-4890-AF4B-A40F583A8265}.Release|Any CPU.ActiveCfg = Release|Any CPU
		{43829C4D-F366-4890-AF4B-A40F583A8265}.Release|Any CPU.Build.0 = Release|Any CPU
		{106FB3D1-63A0-404D-9529-F68048D69B70}.Debug|Any CPU.ActiveCfg = Debug|Any CPU
		{106FB3D1-63A0-404D-9529-F68048D69B70}.Release|Any CPU.ActiveCfg = Release|Any CPU
		{362CB463-04FA-4DE8-B3C0-C3780FF70EA3}.Debug|Any CPU.ActiveCfg = Debug|Any CPU
		{362CB463-04FA-4DE8-B3C0-C3780FF70EA3}.Debug|Any CPU.Build.0 = Debug|Any CPU
		{362CB463-04FA-4DE8-B3C0-C3780FF70EA3}.Release|Any CPU.ActiveCfg = Release|Any CPU
		{362CB463-04FA-4DE8-B3C0-C3780FF70EA3}.Release|Any CPU.Build.0 = Release|Any CPU
	EndGlobalSection
	GlobalSection(SolutionProperties) = preSolution
		HideSolutionNode = FALSE
	EndGlobalSection
	GlobalSection(NestedProjects) = preSolution
		{27D1095D-9F93-4692-BCE8-BEC2B2AE2CD8} = {21D60A9E-5431-4D90-A53C-0AEAA1F00B8C}
		{40951913-02F5-47F3-9127-604D5B54C5EC} = {21D60A9E-5431-4D90-A53C-0AEAA1F00B8C}
	EndGlobalSection
	GlobalSection(ExtensibilityGlobals) = postSolution
		SolutionGuid = {E2D01539-A981-428F-8F33-F80B9CF47AE6}
	EndGlobalSection
EndGlobal
