
Microsoft Visual Studio Solution File, Format Version 12.00
# Visual Studio Version 17
VisualStudioVersion = 17.4.33103.184
MinimumVisualStudioVersion = 10.0.40219.1
Project("{D954291E-2A0B-460D-934E-DC6B0785DB48}") = "NEXO_SHARED", "NEXO_SHARED\NEXO_SHARED.shproj", "{6897A747-BFBD-46BE-A4D5-B4A8BCEA0E2C}"
EndProject
Project("{D954291E-2A0B-460D-934E-DC6B0785DB48}") = "NEXO_CLIENT_SHARED", "NEXO_CLIENT_SHARED\NEXO_CLIENT_SHARED.shproj", "{C9FECD53-579E-4EFD-B628-417B453551AA}"
EndProject
Project("{D954291E-2A0B-460D-934E-DC6B0785DB48}") = "NEXO_SERVER_SHARED", "NEXO_SERVER_SHARED\NEXO_SERVER_SHARED.shproj", "{779A6456-1E80-4818-B67A-C8CEF1B0B454}"
EndProject
Project("{F184B08F-C81C-45F6-A57F-5ABD9991F28F}") = "NexoSimulator.30", "NexoSimulator.30\NexoSimulator.30.vbproj", "{C639BA7F-272B-454E-8783-D95F1930358B}"
EndProject
Project("{2150E333-8FDC-42A3-9474-1A3956D46DE8}") = "XSD", "XSD", "{21D60A9E-5431-4D90-A53C-0AEAA1F00B8C}"
EndProject
Project("{FAE04EC0-301F-11D3-BF4B-00C04F79EFBC}") = "XSDEx", "XSD\XSDEx\XSDEx.csproj", "{27D1095D-9F93-4692-BCE8-BEC2B2AE2CD8}"
EndProject
Project("{F184B08F-C81C-45F6-A57F-5ABD9991F28F}") = "myXSD", "XSD\myXSD\myXSD.vbproj", "{40951913-02F5-47F3-9127-604D5B54C5EC}"
EndProject
Project("{2150E333-8FDC-42A3-9474-1A3956D46DE8}") = "Solution Items", "Solution Items", "{63391E4A-BFB7-4544-B808-2DD9BF632A40}"
	ProjectSection(SolutionItems) = preProject
		description.txt = description.txt
		README.md = README.md
		release notes.txt = release notes.txt
	EndProjectSection
EndProject
Project("{F184B08F-C81C-45F6-A57F-5ABD9991F28F}") = "NexoBuilder.30", "Builder.30\NexoBuilder.30.vbproj", "{9937CEEC-C795-4F00-9C2E-179A41A7CFFD}"
EndProject
Project("{F184B08F-C81C-45F6-A57F-5ABD9991F28F}") = "NexoSimulator.31", "NexoSimulator.31\NexoSimulator.31.vbproj", "{43829C4D-F366-4890-AF4B-A40F583A8265}"
EndProject
Project("{F184B08F-C81C-45F6-A57F-5ABD9991F28F}") = "NexoBuilder.31", "Builder.31\NexoBuilder.31.vbproj", "{362CB463-04FA-4DE8-B3C0-C3780FF70EA3}"
EndProject
Project("{2150E333-8FDC-42A3-9474-1A3956D46DE8}") = ".NET Framework", ".NET Framework", "{16D6D994-6D81-4F3B-9953-227995EEAC7D}"
EndProject
Project("{2150E333-8FDC-42A3-9474-1A3956D46DE8}") = ".NET 6.0", ".NET 6.0", "{F3A7AABA-EE1A-4FC8-8CD8-5AA2D32B8FCC}"
EndProject
Project("{9A19103F-16F7-4668-BE54-9A1E7A4F7556}") = "NexoListener.30", "NexoListener.30\NexoListener.30.csproj", "{8421A135-FBE6-496F-9E6D-5C66DFACB803}"
EndProject
Project("{9A19103F-16F7-4668-BE54-9A1E7A4F7556}") = "NEXO.30", "NEXO.30\NEXO.30.csproj", "{1C9D3F04-A1B0-4090-82D0-B55E5A1F2C78}"
EndProject
Project("{9A19103F-16F7-4668-BE54-9A1E7A4F7556}") = "NEXO.31", "NEXO.31\NEXO.31.csproj", "{FB23554B-7EBC-4908-BA4A-8C880FBEB5A2}"
EndProject
Global
	GlobalSection(SolutionConfigurationPlatforms) = preSolution
		Debug|Any CPU = Debug|Any CPU
		Release|Any CPU = Release|Any CPU
	EndGlobalSection
	GlobalSection(ProjectConfigurationPlatforms) = postSolution
		{C639BA7F-272B-454E-8783-D95F1930358B}.Debug|Any CPU.ActiveCfg = Debug|Any CPU
		{C639BA7F-272B-454E-8783-D95F1930358B}.Debug|Any CPU.Build.0 = Debug|Any CPU
		{C639BA7F-272B-454E-8783-D95F1930358B}.Release|Any CPU.ActiveCfg = Release|Any CPU
		{C639BA7F-272B-454E-8783-D95F1930358B}.Release|Any CPU.Build.0 = Release|Any CPU
		{27D1095D-9F93-4692-BCE8-BEC2B2AE2CD8}.Debug|Any CPU.ActiveCfg = Debug|Any CPU
		{27D1095D-9F93-4692-BCE8-BEC2B2AE2CD8}.Debug|Any CPU.Build.0 = Debug|Any CPU
		{27D1095D-9F93-4692-BCE8-BEC2B2AE2CD8}.Release|Any CPU.ActiveCfg = Release|Any CPU
		{27D1095D-9F93-4692-BCE8-BEC2B2AE2CD8}.Release|Any CPU.Build.0 = Release|Any CPU
		{40951913-02F5-47F3-9127-604D5B54C5EC}.Debug|Any CPU.ActiveCfg = Debug|Any CPU
		{40951913-02F5-47F3-9127-604D5B54C5EC}.Debug|Any CPU.Build.0 = Debug|Any CPU
		{40951913-02F5-47F3-9127-604D5B54C5EC}.Release|Any CPU.ActiveCfg = Release|Any CPU
		{40951913-02F5-47F3-9127-604D5B54C5EC}.Release|Any CPU.Build.0 = Release|Any CPU
		{9937CEEC-C795-4F00-9C2E-179A41A7CFFD}.Debug|Any CPU.ActiveCfg = Debug|Any CPU
		{9937CEEC-C795-4F00-9C2E-179A41A7CFFD}.Debug|Any CPU.Build.0 = Debug|Any CPU
		{9937CEEC-C795-4F00-9C2E-179A41A7CFFD}.Release|Any CPU.ActiveCfg = Release|Any CPU
		{9937CEEC-C795-4F00-9C2E-179A41A7CFFD}.Release|Any CPU.Build.0 = Release|Any CPU
		{43829C4D-F366-4890-AF4B-A40F583A8265}.Debug|Any CPU.ActiveCfg = Debug|Any CPU
		{43829C4D-F366-4890-AF4B-A40F583A8265}.Debug|Any CPU.Build.0 = Debug|Any CPU
		{43829C4D-F366-4890-AF4B-A40F583A8265}.Release|Any CPU.ActiveCfg = Release|Any CPU
		{43829C4D-F366-4890-AF4B-A40F583A8265}.Release|Any CPU.Build.0 = Release|Any CPU
		{362CB463-04FA-4DE8-B3C0-C3780FF70EA3}.Debug|Any CPU.ActiveCfg = Debug|Any CPU
		{362CB463-04FA-4DE8-B3C0-C3780FF70EA3}.Debug|Any CPU.Build.0 = Debug|Any CPU
		{362CB463-04FA-4DE8-B3C0-C3780FF70EA3}.Release|Any CPU.ActiveCfg = Release|Any CPU
		{362CB463-04FA-4DE8-B3C0-C3780FF70EA3}.Release|Any CPU.Build.0 = Release|Any CPU
		{8421A135-FBE6-496F-9E6D-5C66DFACB803}.Debug|Any CPU.ActiveCfg = Debug|Any CPU
		{8421A135-FBE6-496F-9E6D-5C66DFACB803}.Debug|Any CPU.Build.0 = Debug|Any CPU
		{8421A135-FBE6-496F-9E6D-5C66DFACB803}.Release|Any CPU.ActiveCfg = Release|Any CPU
		{8421A135-FBE6-496F-9E6D-5C66DFACB803}.Release|Any CPU.Build.0 = Release|Any CPU
		{1C9D3F04-A1B0-4090-82D0-B55E5A1F2C78}.Debug|Any CPU.ActiveCfg = Debug|Any CPU
		{1C9D3F04-A1B0-4090-82D0-B55E5A1F2C78}.Debug|Any CPU.Build.0 = Debug|Any CPU
		{1C9D3F04-A1B0-4090-82D0-B55E5A1F2C78}.Release|Any CPU.ActiveCfg = Release|Any CPU
		{1C9D3F04-A1B0-4090-82D0-B55E5A1F2C78}.Release|Any CPU.Build.0 = Release|Any CPU
		{FB23554B-7EBC-4908-BA4A-8C880FBEB5A2}.Debug|Any CPU.ActiveCfg = Debug|Any CPU
		{FB23554B-7EBC-4908-BA4A-8C880FBEB5A2}.Debug|Any CPU.Build.0 = Debug|Any CPU
		{FB23554B-7EBC-4908-BA4A-8C880FBEB5A2}.Release|Any CPU.ActiveCfg = Release|Any CPU
		{FB23554B-7EBC-4908-BA4A-8C880FBEB5A2}.Release|Any CPU.Build.0 = Release|Any CPU
	EndGlobalSection
	GlobalSection(SolutionProperties) = preSolution
		HideSolutionNode = FALSE
	EndGlobalSection
	GlobalSection(NestedProjects) = preSolution
		{C639BA7F-272B-454E-8783-D95F1930358B} = {16D6D994-6D81-4F3B-9953-227995EEAC7D}
		{21D60A9E-5431-4D90-A53C-0AEAA1F00B8C} = {16D6D994-6D81-4F3B-9953-227995EEAC7D}
		{27D1095D-9F93-4692-BCE8-BEC2B2AE2CD8} = {21D60A9E-5431-4D90-A53C-0AEAA1F00B8C}
		{40951913-02F5-47F3-9127-604D5B54C5EC} = {21D60A9E-5431-4D90-A53C-0AEAA1F00B8C}
		{9937CEEC-C795-4F00-9C2E-179A41A7CFFD} = {16D6D994-6D81-4F3B-9953-227995EEAC7D}
		{43829C4D-F366-4890-AF4B-A40F583A8265} = {16D6D994-6D81-4F3B-9953-227995EEAC7D}
		{362CB463-04FA-4DE8-B3C0-C3780FF70EA3} = {16D6D994-6D81-4F3B-9953-227995EEAC7D}
		{8421A135-FBE6-496F-9E6D-5C66DFACB803} = {F3A7AABA-EE1A-4FC8-8CD8-5AA2D32B8FCC}
	EndGlobalSection
	GlobalSection(ExtensibilityGlobals) = postSolution
		SolutionGuid = {E2D01539-A981-428F-8F33-F80B9CF47AE6}
	EndGlobalSection
	GlobalSection(SharedMSBuildProjectFiles) = preSolution
		NEXO_CLIENT_SHARED\NEXO_CLIENT_SHARED.projitems*{1c9d3f04-a1b0-4090-82d0-b55e5a1f2c78}*SharedItemsImports = 5
		NEXO_SERVER_SHARED\NEXO_SERVER_SHARED.projitems*{1c9d3f04-a1b0-4090-82d0-b55e5a1f2c78}*SharedItemsImports = 5
		NEXO_SHARED\NEXO_SHARED.projitems*{1c9d3f04-a1b0-4090-82d0-b55e5a1f2c78}*SharedItemsImports = 5
		NEXO_SHARED\NEXO_SHARED.projitems*{6897a747-bfbd-46be-a4d5-b4a8bcea0e2c}*SharedItemsImports = 13
		NEXO_SERVER_SHARED\NEXO_SERVER_SHARED.projitems*{779a6456-1e80-4818-b67a-c8cef1b0b454}*SharedItemsImports = 13
		NEXO_CLIENT_SHARED\NEXO_CLIENT_SHARED.projitems*{c9fecd53-579e-4efd-b628-417b453551aa}*SharedItemsImports = 13
		NEXO_CLIENT_SHARED\NEXO_CLIENT_SHARED.projitems*{fb23554b-7ebc-4908-ba4a-8c880fbeb5a2}*SharedItemsImports = 5
		NEXO_SERVER_SHARED\NEXO_SERVER_SHARED.projitems*{fb23554b-7ebc-4908-ba4a-8c880fbeb5a2}*SharedItemsImports = 5
		NEXO_SHARED\NEXO_SHARED.projitems*{fb23554b-7ebc-4908-ba4a-8c880fbeb5a2}*SharedItemsImports = 5
	EndGlobalSection
EndGlobal
